
Microsoft Visual Studio Solution File, Format Version 12.00
# Visual Studio Version 16
VisualStudioVersion = 16.0.30114.105
MinimumVisualStudioVersion = 10.0.40219.1
Project("{FAE04EC0-301F-11D3-BF4B-00C04F79EFBC}") = "Filters", "Filters\Filters.csproj", "{8A8B01B4-592F-41DF-96D2-D6964863A9D4}"
EndProject
Global
	GlobalSection(SolutionConfigurationPlatforms) = preSolution
		Debug|Any CPU = Debug|Any CPU
		Release|Any CPU = Release|Any CPU
	EndGlobalSection
	GlobalSection(ProjectConfigurationPlatforms) = postSolution
		{8A8B01B4-592F-41DF-96D2-D6964863A9D4}.Debug|Any CPU.ActiveCfg = Debug|Any CPU
		{8A8B01B4-592F-41DF-96D2-D6964863A9D4}.Debug|Any CPU.Build.0 = Debug|Any CPU
		{8A8B01B4-592F-41DF-96D2-D6964863A9D4}.Release|Any CPU.ActiveCfg = Release|Any CPU
		{8A8B01B4-592F-41DF-96D2-D6964863A9D4}.Release|Any CPU.Build.0 = Release|Any CPU
	EndGlobalSection
	GlobalSection(SolutionProperties) = preSolution
		HideSolutionNode = FALSE
	EndGlobalSection
	GlobalSection(ExtensibilityGlobals) = postSolution
		SolutionGuid = {68BFEFDC-4A25-43AC-9DA1-EBBB79A0319F}
	EndGlobalSection
EndGlobal
